
Microsoft Visual Studio Solution File, Format Version 12.00
# Visual Studio Version 17
VisualStudioVersion = 17.3.32929.385
MinimumVisualStudioVersion = 10.0.40219.1
Project("{FAE04EC0-301F-11D3-BF4B-00C04F79EFBC}") = "p517 test1", "p517 test1\p517 test1.csproj", "{7002962E-246A-4F78-83D2-FA93FAE5DC96}"
EndProject
Global
	GlobalSection(SolutionConfigurationPlatforms) = preSolution
		Debug|Any CPU = Debug|Any CPU
		Release|Any CPU = Release|Any CPU
	EndGlobalSection
	GlobalSection(ProjectConfigurationPlatforms) = postSolution
		{7002962E-246A-4F78-83D2-FA93FAE5DC96}.Debug|Any CPU.ActiveCfg = Debug|Any CPU
		{7002962E-246A-4F78-83D2-FA93FAE5DC96}.Debug|Any CPU.Build.0 = Debug|Any CPU
		{7002962E-246A-4F78-83D2-FA93FAE5DC96}.Release|Any CPU.ActiveCfg = Release|Any CPU
		{7002962E-246A-4F78-83D2-FA93FAE5DC96}.Release|Any CPU.Build.0 = Release|Any CPU
	EndGlobalSection
	GlobalSection(SolutionProperties) = preSolution
		HideSolutionNode = FALSE
	EndGlobalSection
	GlobalSection(ExtensibilityGlobals) = postSolution
		SolutionGuid = {C957A7D1-89DA-49C9-9781-F09AE64182B3}
	EndGlobalSection
EndGlobal
