
Microsoft Visual Studio Solution File, Format Version 12.00
# Visual Studio Version 17
VisualStudioVersion = 17.3.32929.385
MinimumVisualStudioVersion = 10.0.40219.1
Project("{FAE04EC0-301F-11D3-BF4B-00C04F79EFBC}") = "IntFactorialExtension", "IntFactorialExtension\IntFactorialExtension.csproj", "{918BD83C-F7E4-4A1B-86F7-838FDC134105}"
EndProject
Global
	GlobalSection(SolutionConfigurationPlatforms) = preSolution
		Debug|Any CPU = Debug|Any CPU
		Release|Any CPU = Release|Any CPU
	EndGlobalSection
	GlobalSection(ProjectConfigurationPlatforms) = postSolution
		{918BD83C-F7E4-4A1B-86F7-838FDC134105}.Debug|Any CPU.ActiveCfg = Debug|Any CPU
		{918BD83C-F7E4-4A1B-86F7-838FDC134105}.Debug|Any CPU.Build.0 = Debug|Any CPU
		{918BD83C-F7E4-4A1B-86F7-838FDC134105}.Release|Any CPU.ActiveCfg = Release|Any CPU
		{918BD83C-F7E4-4A1B-86F7-838FDC134105}.Release|Any CPU.Build.0 = Release|Any CPU
	EndGlobalSection
	GlobalSection(SolutionProperties) = preSolution
		HideSolutionNode = FALSE
	EndGlobalSection
	GlobalSection(ExtensibilityGlobals) = postSolution
		SolutionGuid = {B91F2967-8F34-4B7F-84BA-C2B35858FA1A}
	EndGlobalSection
EndGlobal
